{
  "originHash" : "552977c765314644483ade5ee7015d0537b5718debdb4c89f97978cd3075f5e9",
  "pins" : [
    {
      "identity" : "swift-collections",
      "kind" : "remoteSourceControl",
      "location" : "https://github.com/apple/swift-collections.git",
      "state" : {
        "revision" : "8c0c0a8b49e080e54e5e328cc552821ff07cd341",
        "version" : "1.2.1"
      }
    },
    {
      "identity" : "swift-nonempty",
      "kind" : "remoteSourceControl",
      "location" : "https://github.com/iDmitriyy/swift-nonempty.git",
      "state" : {
        "branch" : "SwiftCollectionsAdditions",
        "revision" : "d7ab7c2ae0344b8318c6264a8442ba194851a689"
      }
    }
  ],
  "version" : 3
}
