{
  "originHash" : "48039ed55e25189cefa2eb87fc505b263803d0d9a914d3d5ece94d41bf32dbea",
  "pins" : [
    {
      "identity" : "swift-collections",
      "kind" : "remoteSourceControl",
      "location" : "https://github.com/apple/swift-collections.git",
      "state" : {
        "revision" : "8c0c0a8b49e080e54e5e328cc552821ff07cd341",
        "version" : "1.2.1"
      }
    },
    {
      "identity" : "swift-nonempty",
      "kind" : "remoteSourceControl",
      "location" : "https://github.com/iDmitriyy/swift-nonempty.git",
      "state" : {
        "branch" : "SwiftCollectionsAdditions",
        "revision" : "9586bc2dbf2bbc9fb8ada49637af4fdb57a4a7d8"
      }
    }
  ],
  "version" : 3
}
