{
  "originHash" : "5f2db1414f9fbe7559acf44e2a8a20e8d0b06199ac72e984dbd65c1ff8600c6a",
  "pins" : [
    {
      "identity" : "swift-collections",
      "kind" : "remoteSourceControl",
      "location" : "https://github.com/apple/swift-collections.git",
      "state" : {
        "revision" : "8c0c0a8b49e080e54e5e328cc552821ff07cd341",
        "version" : "1.2.1"
      }
    },
    {
      "identity" : "swift-nonempty",
      "kind" : "remoteSourceControl",
      "location" : "https://github.com/iDmitriyy/swift-nonempty.git",
      "state" : {
        "branch" : "SwiftCollectionsAdditions",
        "revision" : "164d812796cc3bf6634dc84df80e5c6b33a8e304"
      }
    }
  ],
  "version" : 3
}
